
Microsoft Visual Studio Solution File, Format Version 12.00
# Visual Studio 14
VisualStudioVersion = 14.0.25420.1
MinimumVisualStudioVersion = 10.0.40219.1
Project("{A07B5EB6-E848-4116-A8D0-A826331D98C6}") = "Service_Fabric_App", "Service_Fabric_App\Service_Fabric_App.sfproj", "{D5554BF8-96AB-4A08-8A0C-89623490D2B9}"
EndProject
Project("{FAE04EC0-301F-11D3-BF4B-00C04F79EFBC}") = "Actor1", "Actor1\Actor1.csproj", "{654C32E5-6090-47C9-9D97-37E6037DDC81}"
EndProject
Project("{FAE04EC0-301F-11D3-BF4B-00C04F79EFBC}") = "Actor1.Interfaces", "Actor1.Interfaces\Actor1.Interfaces.csproj", "{990A1405-27FF-4B99-9A6A-1AEA8146AB18}"
EndProject
Global
	GlobalSection(SolutionConfigurationPlatforms) = preSolution
		Debug|x64 = Debug|x64
		Release|x64 = Release|x64
	EndGlobalSection
	GlobalSection(ProjectConfigurationPlatforms) = postSolution
		{D5554BF8-96AB-4A08-8A0C-89623490D2B9}.Debug|x64.ActiveCfg = Debug|x64
		{D5554BF8-96AB-4A08-8A0C-89623490D2B9}.Debug|x64.Build.0 = Debug|x64
		{D5554BF8-96AB-4A08-8A0C-89623490D2B9}.Debug|x64.Deploy.0 = Debug|x64
		{D5554BF8-96AB-4A08-8A0C-89623490D2B9}.Release|x64.ActiveCfg = Release|x64
		{D5554BF8-96AB-4A08-8A0C-89623490D2B9}.Release|x64.Build.0 = Release|x64
		{D5554BF8-96AB-4A08-8A0C-89623490D2B9}.Release|x64.Deploy.0 = Release|x64
		{654C32E5-6090-47C9-9D97-37E6037DDC81}.Debug|x64.ActiveCfg = Debug|x64
		{654C32E5-6090-47C9-9D97-37E6037DDC81}.Debug|x64.Build.0 = Debug|x64
		{654C32E5-6090-47C9-9D97-37E6037DDC81}.Release|x64.ActiveCfg = Release|x64
		{654C32E5-6090-47C9-9D97-37E6037DDC81}.Release|x64.Build.0 = Release|x64
		{990A1405-27FF-4B99-9A6A-1AEA8146AB18}.Debug|x64.ActiveCfg = Debug|x64
		{990A1405-27FF-4B99-9A6A-1AEA8146AB18}.Debug|x64.Build.0 = Debug|x64
		{990A1405-27FF-4B99-9A6A-1AEA8146AB18}.Release|x64.ActiveCfg = Release|x64
		{990A1405-27FF-4B99-9A6A-1AEA8146AB18}.Release|x64.Build.0 = Release|x64
	EndGlobalSection
	GlobalSection(SolutionProperties) = preSolution
		HideSolutionNode = FALSE
	EndGlobalSection
EndGlobal
